
Microsoft Visual Studio Solution File, Format Version 12.00
# Visual Studio Version 17
VisualStudioVersion = 17.13.35828.75
MinimumVisualStudioVersion = 10.0.40219.1
Project("{FAE04EC0-301F-11D3-BF4B-00C04F79EFBC}") = "Dao", "GavranovicJankovicJosipOOP\Dao.csproj", "{2CC64D94-9238-4566-A50A-444E6C8ABAD4}"
EndProject
Project("{FAE04EC0-301F-11D3-BF4B-00C04F79EFBC}") = "WinFormsApp", "WinFormsApp\WinFormsApp.csproj", "{8224E02C-ED3F-449A-8973-2BDB71667A1B}"
EndProject
Project("{FAE04EC0-301F-11D3-BF4B-00C04F79EFBC}") = "WpfApp", "WpfApp\WpfApp.csproj", "{052198DB-E1B8-4717-B1D0-93B7D123C35C}"
EndProject
Global
	GlobalSection(SolutionConfigurationPlatforms) = preSolution
		Debug|Any CPU = Debug|Any CPU
		Release|Any CPU = Release|Any CPU
	EndGlobalSection
	GlobalSection(ProjectConfigurationPlatforms) = postSolution
		{2CC64D94-9238-4566-A50A-444E6C8ABAD4}.Debug|Any CPU.ActiveCfg = Debug|Any CPU
		{2CC64D94-9238-4566-A50A-444E6C8ABAD4}.Debug|Any CPU.Build.0 = Debug|Any CPU
		{2CC64D94-9238-4566-A50A-444E6C8ABAD4}.Release|Any CPU.ActiveCfg = Release|Any CPU
		{2CC64D94-9238-4566-A50A-444E6C8ABAD4}.Release|Any CPU.Build.0 = Release|Any CPU
		{8224E02C-ED3F-449A-8973-2BDB71667A1B}.Debug|Any CPU.ActiveCfg = Debug|Any CPU
		{8224E02C-ED3F-449A-8973-2BDB71667A1B}.Debug|Any CPU.Build.0 = Debug|Any CPU
		{8224E02C-ED3F-449A-8973-2BDB71667A1B}.Release|Any CPU.ActiveCfg = Release|Any CPU
		{8224E02C-ED3F-449A-8973-2BDB71667A1B}.Release|Any CPU.Build.0 = Release|Any CPU
		{052198DB-E1B8-4717-B1D0-93B7D123C35C}.Debug|Any CPU.ActiveCfg = Debug|Any CPU
		{052198DB-E1B8-4717-B1D0-93B7D123C35C}.Debug|Any CPU.Build.0 = Debug|Any CPU
		{052198DB-E1B8-4717-B1D0-93B7D123C35C}.Release|Any CPU.ActiveCfg = Release|Any CPU
		{052198DB-E1B8-4717-B1D0-93B7D123C35C}.Release|Any CPU.Build.0 = Release|Any CPU
	EndGlobalSection
	GlobalSection(SolutionProperties) = preSolution
		HideSolutionNode = FALSE
	EndGlobalSection
	GlobalSection(ExtensibilityGlobals) = postSolution
		SolutionGuid = {A3F3FAD6-65C3-4237-8FD2-165738CCBA7A}
	EndGlobalSection
EndGlobal
